
Microsoft Visual Studio Solution File, Format Version 12.00
# Visual Studio Version 17
VisualStudioVersion = 17.14.36705.20
MinimumVisualStudioVersion = 10.0.40219.1
Project("{FAE04EC0-301F-11D3-BF4B-00C04F79EFBC}") = "BackendApi.Domain", "BackendApi.Domain\BackendApi.Domain.csproj", "{97175E51-DE7B-41AC-BB12-3D2F605FBCC7}"
EndProject
Project("{FAE04EC0-301F-11D3-BF4B-00C04F79EFBC}") = "BackendApi.Application", "BackendApi.Application\BackendApi.Application.csproj", "{427F191B-63B9-4650-901D-5B70F7552C7C}"
EndProject
Project("{FAE04EC0-301F-11D3-BF4B-00C04F79EFBC}") = "BackendApi.Infrastructure", "BackendApi.Infrastructure\BackendApi.Infrastructure.csproj", "{F79D06DB-E77F-482D-B349-E7EACA42A324}"
EndProject
Project("{FAE04EC0-301F-11D3-BF4B-00C04F79EFBC}") = "BackendApi.Api", "BackendApi.Api\BackendApi.Api.csproj", "{E8B87EA8-A60F-48DC-8F17-697F1DB612CD}"
EndProject
Global
	GlobalSection(SolutionConfigurationPlatforms) = preSolution
		Debug|Any CPU = Debug|Any CPU
		Release|Any CPU = Release|Any CPU
	EndGlobalSection
	GlobalSection(ProjectConfigurationPlatforms) = postSolution
		{97175E51-DE7B-41AC-BB12-3D2F605FBCC7}.Debug|Any CPU.ActiveCfg = Debug|Any CPU
		{97175E51-DE7B-41AC-BB12-3D2F605FBCC7}.Debug|Any CPU.Build.0 = Debug|Any CPU
		{97175E51-DE7B-41AC-BB12-3D2F605FBCC7}.Release|Any CPU.ActiveCfg = Release|Any CPU
		{97175E51-DE7B-41AC-BB12-3D2F605FBCC7}.Release|Any CPU.Build.0 = Release|Any CPU
		{427F191B-63B9-4650-901D-5B70F7552C7C}.Debug|Any CPU.ActiveCfg = Debug|Any CPU
		{427F191B-63B9-4650-901D-5B70F7552C7C}.Debug|Any CPU.Build.0 = Debug|Any CPU
		{427F191B-63B9-4650-901D-5B70F7552C7C}.Release|Any CPU.ActiveCfg = Release|Any CPU
		{427F191B-63B9-4650-901D-5B70F7552C7C}.Release|Any CPU.Build.0 = Release|Any CPU
		{F79D06DB-E77F-482D-B349-E7EACA42A324}.Debug|Any CPU.ActiveCfg = Debug|Any CPU
		{F79D06DB-E77F-482D-B349-E7EACA42A324}.Debug|Any CPU.Build.0 = Debug|Any CPU
		{F79D06DB-E77F-482D-B349-E7EACA42A324}.Release|Any CPU.ActiveCfg = Release|Any CPU
		{F79D06DB-E77F-482D-B349-E7EACA42A324}.Release|Any CPU.Build.0 = Release|Any CPU
		{E8B87EA8-A60F-48DC-8F17-697F1DB612CD}.Debug|Any CPU.ActiveCfg = Debug|Any CPU
		{E8B87EA8-A60F-48DC-8F17-697F1DB612CD}.Debug|Any CPU.Build.0 = Debug|Any CPU
		{E8B87EA8-A60F-48DC-8F17-697F1DB612CD}.Release|Any CPU.ActiveCfg = Release|Any CPU
		{E8B87EA8-A60F-48DC-8F17-697F1DB612CD}.Release|Any CPU.Build.0 = Release|Any CPU
	EndGlobalSection
	GlobalSection(SolutionProperties) = preSolution
		HideSolutionNode = FALSE
	EndGlobalSection
	GlobalSection(ExtensibilityGlobals) = postSolution
		SolutionGuid = {8F804F57-F434-4A6D-A14D-78CB42DB5BC2}
	EndGlobalSection
EndGlobal
